
Microsoft Visual Studio Solution File, Format Version 12.00
# Visual Studio Express 2013 for Web
VisualStudioVersion = 12.0.31101.0
MinimumVisualStudioVersion = 10.0.40219.1
Project("{FAE04EC0-301F-11D3-BF4B-00C04F79EFBC}") = "WebApiResit", "WebApiResit\WebApiResit.csproj", "{CBD57F4F-0C24-49AC-A3EC-FDA81DE88BBF}"
EndProject
Global
	GlobalSection(SolutionConfigurationPlatforms) = preSolution
		Debug|Any CPU = Debug|Any CPU
		Release|Any CPU = Release|Any CPU
	EndGlobalSection
	GlobalSection(ProjectConfigurationPlatforms) = postSolution
		{CBD57F4F-0C24-49AC-A3EC-FDA81DE88BBF}.Debug|Any CPU.ActiveCfg = Debug|Any CPU
		{CBD57F4F-0C24-49AC-A3EC-FDA81DE88BBF}.Debug|Any CPU.Build.0 = Debug|Any CPU
		{CBD57F4F-0C24-49AC-A3EC-FDA81DE88BBF}.Release|Any CPU.ActiveCfg = Release|Any CPU
		{CBD57F4F-0C24-49AC-A3EC-FDA81DE88BBF}.Release|Any CPU.Build.0 = Release|Any CPU
	EndGlobalSection
	GlobalSection(SolutionProperties) = preSolution
		HideSolutionNode = FALSE
	EndGlobalSection
EndGlobal
